
Microsoft Visual Studio Solution File, Format Version 12.00
# Visual Studio Version 17
VisualStudioVersion = 17.4.33110.190
MinimumVisualStudioVersion = 10.0.40219.1
Project("{FAE04EC0-301F-11D3-BF4B-00C04F79EFBC}") = "PhuHuynh_Vido.Server", "PhuHuynh_Vido\Server\PhuHuynh_Vido.Server.csproj", "{9F248C13-9B2D-4F8A-8BAD-811491DE2FA9}"
EndProject
Project("{FAE04EC0-301F-11D3-BF4B-00C04F79EFBC}") = "PhuHuynh_Vido.Client", "PhuHuynh_Vido\Client\PhuHuynh_Vido.Client.csproj", "{B47772B1-D003-4E14-8CBB-5ECA4AFB0B06}"
EndProject
Project("{FAE04EC0-301F-11D3-BF4B-00C04F79EFBC}") = "PhuHuynh_Vido.Shared", "PhuHuynh_Vido\Shared\PhuHuynh_Vido.Shared.csproj", "{51052201-9509-429C-895E-95A7EDFE0D5C}"
EndProject
Global
	GlobalSection(SolutionConfigurationPlatforms) = preSolution
		Debug|Any CPU = Debug|Any CPU
		Release|Any CPU = Release|Any CPU
	EndGlobalSection
	GlobalSection(ProjectConfigurationPlatforms) = postSolution
		{9F248C13-9B2D-4F8A-8BAD-811491DE2FA9}.Debug|Any CPU.ActiveCfg = Debug|Any CPU
		{9F248C13-9B2D-4F8A-8BAD-811491DE2FA9}.Debug|Any CPU.Build.0 = Debug|Any CPU
		{9F248C13-9B2D-4F8A-8BAD-811491DE2FA9}.Release|Any CPU.ActiveCfg = Release|Any CPU
		{9F248C13-9B2D-4F8A-8BAD-811491DE2FA9}.Release|Any CPU.Build.0 = Release|Any CPU
		{B47772B1-D003-4E14-8CBB-5ECA4AFB0B06}.Debug|Any CPU.ActiveCfg = Debug|Any CPU
		{B47772B1-D003-4E14-8CBB-5ECA4AFB0B06}.Debug|Any CPU.Build.0 = Debug|Any CPU
		{B47772B1-D003-4E14-8CBB-5ECA4AFB0B06}.Release|Any CPU.ActiveCfg = Release|Any CPU
		{B47772B1-D003-4E14-8CBB-5ECA4AFB0B06}.Release|Any CPU.Build.0 = Release|Any CPU
		{51052201-9509-429C-895E-95A7EDFE0D5C}.Debug|Any CPU.ActiveCfg = Debug|Any CPU
		{51052201-9509-429C-895E-95A7EDFE0D5C}.Debug|Any CPU.Build.0 = Debug|Any CPU
		{51052201-9509-429C-895E-95A7EDFE0D5C}.Release|Any CPU.ActiveCfg = Release|Any CPU
		{51052201-9509-429C-895E-95A7EDFE0D5C}.Release|Any CPU.Build.0 = Release|Any CPU
	EndGlobalSection
	GlobalSection(SolutionProperties) = preSolution
		HideSolutionNode = FALSE
	EndGlobalSection
	GlobalSection(ExtensibilityGlobals) = postSolution
		SolutionGuid = {BD72571D-196F-4CD5-95CD-0863DD3E2F53}
	EndGlobalSection
EndGlobal
